
Microsoft Visual Studio Solution File, Format Version 12.00
# Visual Studio 15
VisualStudioVersion = 15.0.27130.2027
MinimumVisualStudioVersion = 10.0.40219.1
Project("{FAE04EC0-301F-11D3-BF4B-00C04F79EFBC}") = "ExtendedMapsApp.Android", "ExtendedMapsApp\ExtendedMapsApp.Android\ExtendedMapsApp.Android.csproj", "{BE02797A-0BA5-4060-9F07-A34F623A4F45}"
EndProject
Project("{FAE04EC0-301F-11D3-BF4B-00C04F79EFBC}") = "ExtendedMapsApp.iOS", "ExtendedMapsApp\ExtendedMapsApp.iOS\ExtendedMapsApp.iOS.csproj", "{D6828C7C-BBA0-4980-BAC7-14A6890ACE0E}"
EndProject
Project("{FAE04EC0-301F-11D3-BF4B-00C04F79EFBC}") = "ExtendedMapsApp.UWP", "ExtendedMapsApp\ExtendedMapsApp.UWP\ExtendedMapsApp.UWP.csproj", "{225BF047-7C30-42B2-8872-9074431C2130}"
EndProject
Project("{FAE04EC0-301F-11D3-BF4B-00C04F79EFBC}") = "ExtendedMapsApp", "ExtendedMapsApp\ExtendedMapsApp\ExtendedMapsApp.csproj", "{0BC695D9-6AE5-4561-A16C-FD643A75C4E1}"
EndProject
Global
	GlobalSection(SolutionConfigurationPlatforms) = preSolution
		Ad-Hoc|Any CPU = Ad-Hoc|Any CPU
		Ad-Hoc|ARM = Ad-Hoc|ARM
		Ad-Hoc|iPhone = Ad-Hoc|iPhone
		Ad-Hoc|iPhoneSimulator = Ad-Hoc|iPhoneSimulator
		Ad-Hoc|x64 = Ad-Hoc|x64
		Ad-Hoc|x86 = Ad-Hoc|x86
		AppStore|Any CPU = AppStore|Any CPU
		AppStore|ARM = AppStore|ARM
		AppStore|iPhone = AppStore|iPhone
		AppStore|iPhoneSimulator = AppStore|iPhoneSimulator
		AppStore|x64 = AppStore|x64
		AppStore|x86 = AppStore|x86
		Debug|Any CPU = Debug|Any CPU
		Debug|ARM = Debug|ARM
		Debug|iPhone = Debug|iPhone
		Debug|iPhoneSimulator = Debug|iPhoneSimulator
		Debug|x64 = Debug|x64
		Debug|x86 = Debug|x86
		Release|Any CPU = Release|Any CPU
		Release|ARM = Release|ARM
		Release|iPhone = Release|iPhone
		Release|iPhoneSimulator = Release|iPhoneSimulator
		Release|x64 = Release|x64
		Release|x86 = Release|x86
	EndGlobalSection
	GlobalSection(ProjectConfigurationPlatforms) = postSolution
		{BE02797A-0BA5-4060-9F07-A34F623A4F45}.Ad-Hoc|Any CPU.ActiveCfg = Release|Any CPU
		{BE02797A-0BA5-4060-9F07-A34F623A4F45}.Ad-Hoc|Any CPU.Build.0 = Release|Any CPU
		{BE02797A-0BA5-4060-9F07-A34F623A4F45}.Ad-Hoc|Any CPU.Deploy.0 = Release|Any CPU
		{BE02797A-0BA5-4060-9F07-A34F623A4F45}.Ad-Hoc|ARM.ActiveCfg = Release|Any CPU
		{BE02797A-0BA5-4060-9F07-A34F623A4F45}.Ad-Hoc|ARM.Build.0 = Release|Any CPU
		{BE02797A-0BA5-4060-9F07-A34F623A4F45}.Ad-Hoc|ARM.Deploy.0 = Release|Any CPU
		{BE02797A-0BA5-4060-9F07-A34F623A4F45}.Ad-Hoc|iPhone.ActiveCfg = Release|Any CPU
		{BE02797A-0BA5-4060-9F07-A34F623A4F45}.Ad-Hoc|iPhone.Build.0 = Release|Any CPU
		{BE02797A-0BA5-4060-9F07-A34F623A4F45}.Ad-Hoc|iPhone.Deploy.0 = Release|Any CPU
		{BE02797A-0BA5-4060-9F07-A34F623A4F45}.Ad-Hoc|iPhoneSimulator.ActiveCfg = Release|Any CPU
		{BE02797A-0BA5-4060-9F07-A34F623A4F45}.Ad-Hoc|iPhoneSimulator.Build.0 = Release|Any CPU
		{BE02797A-0BA5-4060-9F07-A34F623A4F45}.Ad-Hoc|iPhoneSimulator.Deploy.0 = Release|Any CPU
		{BE02797A-0BA5-4060-9F07-A34F623A4F45}.Ad-Hoc|x64.ActiveCfg = Release|Any CPU
		{BE02797A-0BA5-4060-9F07-A34F623A4F45}.Ad-Hoc|x64.Build.0 = Release|Any CPU
		{BE02797A-0BA5-4060-9F07-A34F623A4F45}.Ad-Hoc|x64.Deploy.0 = Release|Any CPU
		{BE02797A-0BA5-4060-9F07-A34F623A4F45}.Ad-Hoc|x86.ActiveCfg = Release|Any CPU
		{BE02797A-0BA5-4060-9F07-A34F623A4F45}.Ad-Hoc|x86.Build.0 = Release|Any CPU
		{BE02797A-0BA5-4060-9F07-A34F623A4F45}.Ad-Hoc|x86.Deploy.0 = Release|Any CPU
		{BE02797A-0BA5-4060-9F07-A34F623A4F45}.AppStore|Any CPU.ActiveCfg = Release|Any CPU
		{BE02797A-0BA5-4060-9F07-A34F623A4F45}.AppStore|Any CPU.Build.0 = Release|Any CPU
		{BE02797A-0BA5-4060-9F07-A34F623A4F45}.AppStore|Any CPU.Deploy.0 = Release|Any CPU
		{BE02797A-0BA5-4060-9F07-A34F623A4F45}.AppStore|ARM.ActiveCfg = Release|Any CPU
		{BE02797A-0BA5-4060-9F07-A34F623A4F45}.AppStore|ARM.Build.0 = Release|Any CPU
		{BE02797A-0BA5-4060-9F07-A34F623A4F45}.AppStore|ARM.Deploy.0 = Release|Any CPU
		{BE02797A-0BA5-4060-9F07-A34F623A4F45}.AppStore|iPhone.ActiveCfg = Release|Any CPU
		{BE02797A-0BA5-4060-9F07-A34F623A4F45}.AppStore|iPhone.Build.0 = Release|Any CPU
		{BE02797A-0BA5-4060-9F07-A34F623A4F45}.AppStore|iPhone.Deploy.0 = Release|Any CPU
		{BE02797A-0BA5-4060-9F07-A34F623A4F45}.AppStore|iPhoneSimulator.ActiveCfg = Release|Any CPU
		{BE02797A-0BA5-4060-9F07-A34F623A4F45}.AppStore|iPhoneSimulator.Build.0 = Release|Any CPU
		{BE02797A-0BA5-4060-9F07-A34F623A4F45}.AppStore|iPhoneSimulator.Deploy.0 = Release|Any CPU
		{BE02797A-0BA5-4060-9F07-A34F623A4F45}.AppStore|x64.ActiveCfg = Release|Any CPU
		{BE02797A-0BA5-4060-9F07-A34F623A4F45}.AppStore|x64.Build.0 = Release|Any CPU
		{BE02797A-0BA5-4060-9F07-A34F623A4F45}.AppStore|x64.Deploy.0 = Release|Any CPU
		{BE02797A-0BA5-4060-9F07-A34F623A4F45}.AppStore|x86.ActiveCfg = Release|Any CPU
		{BE02797A-0BA5-4060-9F07-A34F623A4F45}.AppStore|x86.Build.0 = Release|Any CPU
		{BE02797A-0BA5-4060-9F07-A34F623A4F45}.AppStore|x86.Deploy.0 = Release|Any CPU
		{BE02797A-0BA5-4060-9F07-A34F623A4F45}.Debug|Any CPU.ActiveCfg = Debug|Any CPU
		{BE02797A-0BA5-4060-9F07-A34F623A4F45}.Debug|Any CPU.Build.0 = Debug|Any CPU
		{BE02797A-0BA5-4060-9F07-A34F623A4F45}.Debug|Any CPU.Deploy.0 = Debug|Any CPU
		{BE02797A-0BA5-4060-9F07-A34F623A4F45}.Debug|ARM.ActiveCfg = Debug|Any CPU
		{BE02797A-0BA5-4060-9F07-A34F623A4F45}.Debug|ARM.Build.0 = Debug|Any CPU
		{BE02797A-0BA5-4060-9F07-A34F623A4F45}.Debug|ARM.Deploy.0 = Debug|Any CPU
		{BE02797A-0BA5-4060-9F07-A34F623A4F45}.Debug|iPhone.ActiveCfg = Debug|Any CPU
		{BE02797A-0BA5-4060-9F07-A34F623A4F45}.Debug|iPhone.Build.0 = Debug|Any CPU
		{BE02797A-0BA5-4060-9F07-A34F623A4F45}.Debug|iPhone.Deploy.0 = Debug|Any CPU
		{BE02797A-0BA5-4060-9F07-A34F623A4F45}.Debug|iPhoneSimulator.ActiveCfg = Debug|Any CPU
		{BE02797A-0BA5-4060-9F07-A34F623A4F45}.Debug|iPhoneSimulator.Build.0 = Debug|Any CPU
		{BE02797A-0BA5-4060-9F07-A34F623A4F45}.Debug|iPhoneSimulator.Deploy.0 = Debug|Any CPU
		{BE02797A-0BA5-4060-9F07-A34F623A4F45}.Debug|x64.ActiveCfg = Debug|Any CPU
		{BE02797A-0BA5-4060-9F07-A34F623A4F45}.Debug|x64.Build.0 = Debug|Any CPU
		{BE02797A-0BA5-4060-9F07-A34F623A4F45}.Debug|x64.Deploy.0 = Debug|Any CPU
		{BE02797A-0BA5-4060-9F07-A34F623A4F45}.Debug|x86.ActiveCfg = Debug|Any CPU
		{BE02797A-0BA5-4060-9F07-A34F623A4F45}.Debug|x86.Build.0 = Debug|Any CPU
		{BE02797A-0BA5-4060-9F07-A34F623A4F45}.Debug|x86.Deploy.0 = Debug|Any CPU
		{BE02797A-0BA5-4060-9F07-A34F623A4F45}.Release|Any CPU.ActiveCfg = Release|Any CPU
		{BE02797A-0BA5-4060-9F07-A34F623A4F45}.Release|Any CPU.Build.0 = Release|Any CPU
		{BE02797A-0BA5-4060-9F07-A34F623A4F45}.Release|Any CPU.Deploy.0 = Release|Any CPU
		{BE02797A-0BA5-4060-9F07-A34F623A4F45}.Release|ARM.ActiveCfg = Release|Any CPU
		{BE02797A-0BA5-4060-9F07-A34F623A4F45}.Release|ARM.Build.0 = Release|Any CPU
		{BE02797A-0BA5-4060-9F07-A34F623A4F45}.Release|ARM.Deploy.0 = Release|Any CPU
		{BE02797A-0BA5-4060-9F07-A34F623A4F45}.Release|iPhone.ActiveCfg = Release|Any CPU
		{BE02797A-0BA5-4060-9F07-A34F623A4F45}.Release|iPhone.Build.0 = Release|Any CPU
		{BE02797A-0BA5-4060-9F07-A34F623A4F45}.Release|iPhone.Deploy.0 = Release|Any CPU
		{BE02797A-0BA5-4060-9F07-A34F623A4F45}.Release|iPhoneSimulator.ActiveCfg = Release|Any CPU
		{BE02797A-0BA5-4060-9F07-A34F623A4F45}.Release|iPhoneSimulator.Build.0 = Release|Any CPU
		{BE02797A-0BA5-4060-9F07-A34F623A4F45}.Release|iPhoneSimulator.Deploy.0 = Release|Any CPU
		{BE02797A-0BA5-4060-9F07-A34F623A4F45}.Release|x64.ActiveCfg = Release|Any CPU
		{BE02797A-0BA5-4060-9F07-A34F623A4F45}.Release|x64.Build.0 = Release|Any CPU
		{BE02797A-0BA5-4060-9F07-A34F623A4F45}.Release|x64.Deploy.0 = Release|Any CPU
		{BE02797A-0BA5-4060-9F07-A34F623A4F45}.Release|x86.ActiveCfg = Release|Any CPU
		{BE02797A-0BA5-4060-9F07-A34F623A4F45}.Release|x86.Build.0 = Release|Any CPU
		{BE02797A-0BA5-4060-9F07-A34F623A4F45}.Release|x86.Deploy.0 = Release|Any CPU
		{D6828C7C-BBA0-4980-BAC7-14A6890ACE0E}.Ad-Hoc|Any CPU.ActiveCfg = Ad-Hoc|iPhone
		{D6828C7C-BBA0-4980-BAC7-14A6890ACE0E}.Ad-Hoc|ARM.ActiveCfg = Ad-Hoc|iPhone
		{D6828C7C-BBA0-4980-BAC7-14A6890ACE0E}.Ad-Hoc|iPhone.ActiveCfg = Ad-Hoc|iPhone
		{D6828C7C-BBA0-4980-BAC7-14A6890ACE0E}.Ad-Hoc|iPhone.Build.0 = Ad-Hoc|iPhone
		{D6828C7C-BBA0-4980-BAC7-14A6890ACE0E}.Ad-Hoc|iPhoneSimulator.ActiveCfg = Ad-Hoc|iPhoneSimulator
		{D6828C7C-BBA0-4980-BAC7-14A6890ACE0E}.Ad-Hoc|iPhoneSimulator.Build.0 = Ad-Hoc|iPhoneSimulator
		{D6828C7C-BBA0-4980-BAC7-14A6890ACE0E}.Ad-Hoc|x64.ActiveCfg = Ad-Hoc|iPhone
		{D6828C7C-BBA0-4980-BAC7-14A6890ACE0E}.Ad-Hoc|x86.ActiveCfg = Ad-Hoc|iPhone
		{D6828C7C-BBA0-4980-BAC7-14A6890ACE0E}.AppStore|Any CPU.ActiveCfg = AppStore|iPhone
		{D6828C7C-BBA0-4980-BAC7-14A6890ACE0E}.AppStore|ARM.ActiveCfg = AppStore|iPhone
		{D6828C7C-BBA0-4980-BAC7-14A6890ACE0E}.AppStore|iPhone.ActiveCfg = AppStore|iPhone
		{D6828C7C-BBA0-4980-BAC7-14A6890ACE0E}.AppStore|iPhone.Build.0 = AppStore|iPhone
		{D6828C7C-BBA0-4980-BAC7-14A6890ACE0E}.AppStore|iPhoneSimulator.ActiveCfg = AppStore|iPhoneSimulator
		{D6828C7C-BBA0-4980-BAC7-14A6890ACE0E}.AppStore|iPhoneSimulator.Build.0 = AppStore|iPhoneSimulator
		{D6828C7C-BBA0-4980-BAC7-14A6890ACE0E}.AppStore|x64.ActiveCfg = AppStore|iPhone
		{D6828C7C-BBA0-4980-BAC7-14A6890ACE0E}.AppStore|x86.ActiveCfg = AppStore|iPhone
		{D6828C7C-BBA0-4980-BAC7-14A6890ACE0E}.Debug|Any CPU.ActiveCfg = Debug|iPhone
		{D6828C7C-BBA0-4980-BAC7-14A6890ACE0E}.Debug|ARM.ActiveCfg = Debug|iPhone
		{D6828C7C-BBA0-4980-BAC7-14A6890ACE0E}.Debug|iPhone.ActiveCfg = Debug|iPhone
		{D6828C7C-BBA0-4980-BAC7-14A6890ACE0E}.Debug|iPhone.Build.0 = Debug|iPhone
		{D6828C7C-BBA0-4980-BAC7-14A6890ACE0E}.Debug|iPhoneSimulator.ActiveCfg = Debug|iPhoneSimulator
		{D6828C7C-BBA0-4980-BAC7-14A6890ACE0E}.Debug|iPhoneSimulator.Build.0 = Debug|iPhoneSimulator
		{D6828C7C-BBA0-4980-BAC7-14A6890ACE0E}.Debug|x64.ActiveCfg = Debug|iPhone
		{D6828C7C-BBA0-4980-BAC7-14A6890ACE0E}.Debug|x86.ActiveCfg = Debug|iPhone
		{D6828C7C-BBA0-4980-BAC7-14A6890ACE0E}.Release|Any CPU.ActiveCfg = Release|iPhone
		{D6828C7C-BBA0-4980-BAC7-14A6890ACE0E}.Release|ARM.ActiveCfg = Release|iPhone
		{D6828C7C-BBA0-4980-BAC7-14A6890ACE0E}.Release|iPhone.ActiveCfg = Release|iPhone
		{D6828C7C-BBA0-4980-BAC7-14A6890ACE0E}.Release|iPhone.Build.0 = Release|iPhone
		{D6828C7C-BBA0-4980-BAC7-14A6890ACE0E}.Release|iPhoneSimulator.ActiveCfg = Release|iPhoneSimulator
		{D6828C7C-BBA0-4980-BAC7-14A6890ACE0E}.Release|iPhoneSimulator.Build.0 = Release|iPhoneSimulator
		{D6828C7C-BBA0-4980-BAC7-14A6890ACE0E}.Release|x64.ActiveCfg = Release|iPhone
		{D6828C7C-BBA0-4980-BAC7-14A6890ACE0E}.Release|x86.ActiveCfg = Release|iPhone
		{225BF047-7C30-42B2-8872-9074431C2130}.Ad-Hoc|Any CPU.ActiveCfg = Release|x86
		{225BF047-7C30-42B2-8872-9074431C2130}.Ad-Hoc|Any CPU.Build.0 = Release|x86
		{225BF047-7C30-42B2-8872-9074431C2130}.Ad-Hoc|Any CPU.Deploy.0 = Release|x86
		{225BF047-7C30-42B2-8872-9074431C2130}.Ad-Hoc|ARM.ActiveCfg = Release|ARM
		{225BF047-7C30-42B2-8872-9074431C2130}.Ad-Hoc|ARM.Build.0 = Release|ARM
		{225BF047-7C30-42B2-8872-9074431C2130}.Ad-Hoc|ARM.Deploy.0 = Release|ARM
		{225BF047-7C30-42B2-8872-9074431C2130}.Ad-Hoc|iPhone.ActiveCfg = Release|x86
		{225BF047-7C30-42B2-8872-9074431C2130}.Ad-Hoc|iPhone.Build.0 = Release|x86
		{225BF047-7C30-42B2-8872-9074431C2130}.Ad-Hoc|iPhone.Deploy.0 = Release|x86
		{225BF047-7C30-42B2-8872-9074431C2130}.Ad-Hoc|iPhoneSimulator.ActiveCfg = Release|x86
		{225BF047-7C30-42B2-8872-9074431C2130}.Ad-Hoc|iPhoneSimulator.Build.0 = Release|x86
		{225BF047-7C30-42B2-8872-9074431C2130}.Ad-Hoc|iPhoneSimulator.Deploy.0 = Release|x86
		{225BF047-7C30-42B2-8872-9074431C2130}.Ad-Hoc|x64.ActiveCfg = Release|x64
		{225BF047-7C30-42B2-8872-9074431C2130}.Ad-Hoc|x64.Build.0 = Release|x64
		{225BF047-7C30-42B2-8872-9074431C2130}.Ad-Hoc|x64.Deploy.0 = Release|x64
		{225BF047-7C30-42B2-8872-9074431C2130}.Ad-Hoc|x86.ActiveCfg = Release|x86
		{225BF047-7C30-42B2-8872-9074431C2130}.Ad-Hoc|x86.Build.0 = Release|x86
		{225BF047-7C30-42B2-8872-9074431C2130}.Ad-Hoc|x86.Deploy.0 = Release|x86
		{225BF047-7C30-42B2-8872-9074431C2130}.AppStore|Any CPU.ActiveCfg = Release|x86
		{225BF047-7C30-42B2-8872-9074431C2130}.AppStore|Any CPU.Build.0 = Release|x86
		{225BF047-7C30-42B2-8872-9074431C2130}.AppStore|Any CPU.Deploy.0 = Release|x86
		{225BF047-7C30-42B2-8872-9074431C2130}.AppStore|ARM.ActiveCfg = Release|ARM
		{225BF047-7C30-42B2-8872-9074431C2130}.AppStore|ARM.Build.0 = Release|ARM
		{225BF047-7C30-42B2-8872-9074431C2130}.AppStore|ARM.Deploy.0 = Release|ARM
		{225BF047-7C30-42B2-8872-9074431C2130}.AppStore|iPhone.ActiveCfg = Release|x86
		{225BF047-7C30-42B2-8872-9074431C2130}.AppStore|iPhone.Build.0 = Release|x86
		{225BF047-7C30-42B2-8872-9074431C2130}.AppStore|iPhone.Deploy.0 = Release|x86
		{225BF047-7C30-42B2-8872-9074431C2130}.AppStore|iPhoneSimulator.ActiveCfg = Release|x86
		{225BF047-7C30-42B2-8872-9074431C2130}.AppStore|iPhoneSimulator.Build.0 = Release|x86
		{225BF047-7C30-42B2-8872-9074431C2130}.AppStore|iPhoneSimulator.Deploy.0 = Release|x86
		{225BF047-7C30-42B2-8872-9074431C2130}.AppStore|x64.ActiveCfg = Release|x64
		{225BF047-7C30-42B2-8872-9074431C2130}.AppStore|x64.Build.0 = Release|x64
		{225BF047-7C30-42B2-8872-9074431C2130}.AppStore|x64.Deploy.0 = Release|x64
		{225BF047-7C30-42B2-8872-9074431C2130}.AppStore|x86.ActiveCfg = Release|x86
		{225BF047-7C30-42B2-8872-9074431C2130}.AppStore|x86.Build.0 = Release|x86
		{225BF047-7C30-42B2-8872-9074431C2130}.AppStore|x86.Deploy.0 = Release|x86
		{225BF047-7C30-42B2-8872-9074431C2130}.Debug|Any CPU.ActiveCfg = Debug|x86
		{225BF047-7C30-42B2-8872-9074431C2130}.Debug|ARM.ActiveCfg = Debug|ARM
		{225BF047-7C30-42B2-8872-9074431C2130}.Debug|ARM.Build.0 = Debug|ARM
		{225BF047-7C30-42B2-8872-9074431C2130}.Debug|ARM.Deploy.0 = Debug|ARM
		{225BF047-7C30-42B2-8872-9074431C2130}.Debug|iPhone.ActiveCfg = Debug|x86
		{225BF047-7C30-42B2-8872-9074431C2130}.Debug|iPhoneSimulator.ActiveCfg = Debug|x86
		{225BF047-7C30-42B2-8872-9074431C2130}.Debug|x64.ActiveCfg = Debug|x64
		{225BF047-7C30-42B2-8872-9074431C2130}.Debug|x64.Build.0 = Debug|x64
		{225BF047-7C30-42B2-8872-9074431C2130}.Debug|x64.Deploy.0 = Debug|x64
		{225BF047-7C30-42B2-8872-9074431C2130}.Debug|x86.ActiveCfg = Debug|x86
		{225BF047-7C30-42B2-8872-9074431C2130}.Debug|x86.Build.0 = Debug|x86
		{225BF047-7C30-42B2-8872-9074431C2130}.Debug|x86.Deploy.0 = Debug|x86
		{225BF047-7C30-42B2-8872-9074431C2130}.Release|Any CPU.ActiveCfg = Release|x86
		{225BF047-7C30-42B2-8872-9074431C2130}.Release|ARM.ActiveCfg = Release|ARM
		{225BF047-7C30-42B2-8872-9074431C2130}.Release|ARM.Build.0 = Release|ARM
		{225BF047-7C30-42B2-8872-9074431C2130}.Release|ARM.Deploy.0 = Release|ARM
		{225BF047-7C30-42B2-8872-9074431C2130}.Release|iPhone.ActiveCfg = Release|x86
		{225BF047-7C30-42B2-8872-9074431C2130}.Release|iPhoneSimulator.ActiveCfg = Release|x86
		{225BF047-7C30-42B2-8872-9074431C2130}.Release|x64.ActiveCfg = Release|x64
		{225BF047-7C30-42B2-8872-9074431C2130}.Release|x64.Build.0 = Release|x64
		{225BF047-7C30-42B2-8872-9074431C2130}.Release|x64.Deploy.0 = Release|x64
		{225BF047-7C30-42B2-8872-9074431C2130}.Release|x86.ActiveCfg = Release|x86
		{225BF047-7C30-42B2-8872-9074431C2130}.Release|x86.Build.0 = Release|x86
		{225BF047-7C30-42B2-8872-9074431C2130}.Release|x86.Deploy.0 = Release|x86
		{0BC695D9-6AE5-4561-A16C-FD643A75C4E1}.Ad-Hoc|Any CPU.ActiveCfg = Debug|Any CPU
		{0BC695D9-6AE5-4561-A16C-FD643A75C4E1}.Ad-Hoc|Any CPU.Build.0 = Debug|Any CPU
		{0BC695D9-6AE5-4561-A16C-FD643A75C4E1}.Ad-Hoc|ARM.ActiveCfg = Debug|Any CPU
		{0BC695D9-6AE5-4561-A16C-FD643A75C4E1}.Ad-Hoc|ARM.Build.0 = Debug|Any CPU
		{0BC695D9-6AE5-4561-A16C-FD643A75C4E1}.Ad-Hoc|iPhone.ActiveCfg = Debug|Any CPU
		{0BC695D9-6AE5-4561-A16C-FD643A75C4E1}.Ad-Hoc|iPhone.Build.0 = Debug|Any CPU
		{0BC695D9-6AE5-4561-A16C-FD643A75C4E1}.Ad-Hoc|iPhoneSimulator.ActiveCfg = Debug|Any CPU
		{0BC695D9-6AE5-4561-A16C-FD643A75C4E1}.Ad-Hoc|iPhoneSimulator.Build.0 = Debug|Any CPU
		{0BC695D9-6AE5-4561-A16C-FD643A75C4E1}.Ad-Hoc|x64.ActiveCfg = Debug|Any CPU
		{0BC695D9-6AE5-4561-A16C-FD643A75C4E1}.Ad-Hoc|x64.Build.0 = Debug|Any CPU
		{0BC695D9-6AE5-4561-A16C-FD643A75C4E1}.Ad-Hoc|x86.ActiveCfg = Debug|Any CPU
		{0BC695D9-6AE5-4561-A16C-FD643A75C4E1}.Ad-Hoc|x86.Build.0 = Debug|Any CPU
		{0BC695D9-6AE5-4561-A16C-FD643A75C4E1}.AppStore|Any CPU.ActiveCfg = Debug|Any CPU
		{0BC695D9-6AE5-4561-A16C-FD643A75C4E1}.AppStore|Any CPU.Build.0 = Debug|Any CPU
		{0BC695D9-6AE5-4561-A16C-FD643A75C4E1}.AppStore|ARM.ActiveCfg = Debug|Any CPU
		{0BC695D9-6AE5-4561-A16C-FD643A75C4E1}.AppStore|ARM.Build.0 = Debug|Any CPU
		{0BC695D9-6AE5-4561-A16C-FD643A75C4E1}.AppStore|iPhone.ActiveCfg = Debug|Any CPU
		{0BC695D9-6AE5-4561-A16C-FD643A75C4E1}.AppStore|iPhone.Build.0 = Debug|Any CPU
		{0BC695D9-6AE5-4561-A16C-FD643A75C4E1}.AppStore|iPhoneSimulator.ActiveCfg = Debug|Any CPU
		{0BC695D9-6AE5-4561-A16C-FD643A75C4E1}.AppStore|iPhoneSimulator.Build.0 = Debug|Any CPU
		{0BC695D9-6AE5-4561-A16C-FD643A75C4E1}.AppStore|x64.ActiveCfg = Debug|Any CPU
		{0BC695D9-6AE5-4561-A16C-FD643A75C4E1}.AppStore|x64.Build.0 = Debug|Any CPU
		{0BC695D9-6AE5-4561-A16C-FD643A75C4E1}.AppStore|x86.ActiveCfg = Debug|Any CPU
		{0BC695D9-6AE5-4561-A16C-FD643A75C4E1}.AppStore|x86.Build.0 = Debug|Any CPU
		{0BC695D9-6AE5-4561-A16C-FD643A75C4E1}.Debug|Any CPU.ActiveCfg = Debug|Any CPU
		{0BC695D9-6AE5-4561-A16C-FD643A75C4E1}.Debug|Any CPU.Build.0 = Debug|Any CPU
		{0BC695D9-6AE5-4561-A16C-FD643A75C4E1}.Debug|ARM.ActiveCfg = Debug|Any CPU
		{0BC695D9-6AE5-4561-A16C-FD643A75C4E1}.Debug|ARM.Build.0 = Debug|Any CPU
		{0BC695D9-6AE5-4561-A16C-FD643A75C4E1}.Debug|iPhone.ActiveCfg = Debug|Any CPU
		{0BC695D9-6AE5-4561-A16C-FD643A75C4E1}.Debug|iPhone.Build.0 = Debug|Any CPU
		{0BC695D9-6AE5-4561-A16C-FD643A75C4E1}.Debug|iPhoneSimulator.ActiveCfg = Debug|Any CPU
		{0BC695D9-6AE5-4561-A16C-FD643A75C4E1}.Debug|iPhoneSimulator.Build.0 = Debug|Any CPU
		{0BC695D9-6AE5-4561-A16C-FD643A75C4E1}.Debug|x64.ActiveCfg = Debug|Any CPU
		{0BC695D9-6AE5-4561-A16C-FD643A75C4E1}.Debug|x64.Build.0 = Debug|Any CPU
		{0BC695D9-6AE5-4561-A16C-FD643A75C4E1}.Debug|x86.ActiveCfg = Debug|Any CPU
		{0BC695D9-6AE5-4561-A16C-FD643A75C4E1}.Debug|x86.Build.0 = Debug|Any CPU
		{0BC695D9-6AE5-4561-A16C-FD643A75C4E1}.Release|Any CPU.ActiveCfg = Release|Any CPU
		{0BC695D9-6AE5-4561-A16C-FD643A75C4E1}.Release|Any CPU.Build.0 = Release|Any CPU
		{0BC695D9-6AE5-4561-A16C-FD643A75C4E1}.Release|ARM.ActiveCfg = Release|Any CPU
		{0BC695D9-6AE5-4561-A16C-FD643A75C4E1}.Release|ARM.Build.0 = Release|Any CPU
		{0BC695D9-6AE5-4561-A16C-FD643A75C4E1}.Release|iPhone.ActiveCfg = Release|Any CPU
		{0BC695D9-6AE5-4561-A16C-FD643A75C4E1}.Release|iPhone.Build.0 = Release|Any CPU
		{0BC695D9-6AE5-4561-A16C-FD643A75C4E1}.Release|iPhoneSimulator.ActiveCfg = Release|Any CPU
		{0BC695D9-6AE5-4561-A16C-FD643A75C4E1}.Release|iPhoneSimulator.Build.0 = Release|Any CPU
		{0BC695D9-6AE5-4561-A16C-FD643A75C4E1}.Release|x64.ActiveCfg = Release|Any CPU
		{0BC695D9-6AE5-4561-A16C-FD643A75C4E1}.Release|x64.Build.0 = Release|Any CPU
		{0BC695D9-6AE5-4561-A16C-FD643A75C4E1}.Release|x86.ActiveCfg = Release|Any CPU
		{0BC695D9-6AE5-4561-A16C-FD643A75C4E1}.Release|x86.Build.0 = Release|Any CPU
	EndGlobalSection
	GlobalSection(SolutionProperties) = preSolution
		HideSolutionNode = FALSE
	EndGlobalSection
	GlobalSection(ExtensibilityGlobals) = postSolution
		SolutionGuid = {945528AE-C82D-48F2-BB5A-BDE392F821AE}
	EndGlobalSection
EndGlobal
